
Microsoft Visual Studio Solution File, Format Version 12.00
# Visual Studio Version 17
VisualStudioVersion = 17.8.34322.80
MinimumVisualStudioVersion = 10.0.40219.1
Project("{FAE04EC0-301F-11D3-BF4B-00C04F79EFBC}") = "Domain", "ControleDeEstoque\Domain.csproj", "{CF26E234-D842-4144-9D4B-A31B870FE504}"
EndProject
Project("{FAE04EC0-301F-11D3-BF4B-00C04F79EFBC}") = "ControleDeEstoqueTests", "ControleDeEstoqueTests\ControleDeEstoqueTests.csproj", "{B2FAB5A8-F98C-4295-8F43-1D26EECC0F33}"
EndProject
Project("{FAE04EC0-301F-11D3-BF4B-00C04F79EFBC}") = "Application", "ControleDeEstoqueAPI\Application.csproj", "{D1A873CF-57EC-4E48-ABA3-A7EC4D153FB9}"
EndProject
Project("{FAE04EC0-301F-11D3-BF4B-00C04F79EFBC}") = "Services", "Services\Services.csproj", "{AB5CF3E9-F10F-4CFC-B991-969572515E5B}"
EndProject
Project("{FAE04EC0-301F-11D3-BF4B-00C04F79EFBC}") = "Infraestructure", "Infraestructure\Infraestructure.csproj", "{0F0550EB-E30F-4320-90B9-4060CDCE196E}"
EndProject
Global
	GlobalSection(SolutionConfigurationPlatforms) = preSolution
		Debug|Any CPU = Debug|Any CPU
		Release|Any CPU = Release|Any CPU
	EndGlobalSection
	GlobalSection(ProjectConfigurationPlatforms) = postSolution
		{CF26E234-D842-4144-9D4B-A31B870FE504}.Debug|Any CPU.ActiveCfg = Debug|Any CPU
		{CF26E234-D842-4144-9D4B-A31B870FE504}.Debug|Any CPU.Build.0 = Debug|Any CPU
		{CF26E234-D842-4144-9D4B-A31B870FE504}.Release|Any CPU.ActiveCfg = Release|Any CPU
		{CF26E234-D842-4144-9D4B-A31B870FE504}.Release|Any CPU.Build.0 = Release|Any CPU
		{B2FAB5A8-F98C-4295-8F43-1D26EECC0F33}.Debug|Any CPU.ActiveCfg = Debug|Any CPU
		{B2FAB5A8-F98C-4295-8F43-1D26EECC0F33}.Debug|Any CPU.Build.0 = Debug|Any CPU
		{B2FAB5A8-F98C-4295-8F43-1D26EECC0F33}.Release|Any CPU.ActiveCfg = Release|Any CPU
		{B2FAB5A8-F98C-4295-8F43-1D26EECC0F33}.Release|Any CPU.Build.0 = Release|Any CPU
		{D1A873CF-57EC-4E48-ABA3-A7EC4D153FB9}.Debug|Any CPU.ActiveCfg = Debug|Any CPU
		{D1A873CF-57EC-4E48-ABA3-A7EC4D153FB9}.Debug|Any CPU.Build.0 = Debug|Any CPU
		{D1A873CF-57EC-4E48-ABA3-A7EC4D153FB9}.Release|Any CPU.ActiveCfg = Release|Any CPU
		{D1A873CF-57EC-4E48-ABA3-A7EC4D153FB9}.Release|Any CPU.Build.0 = Release|Any CPU
		{AB5CF3E9-F10F-4CFC-B991-969572515E5B}.Debug|Any CPU.ActiveCfg = Debug|Any CPU
		{AB5CF3E9-F10F-4CFC-B991-969572515E5B}.Debug|Any CPU.Build.0 = Debug|Any CPU
		{AB5CF3E9-F10F-4CFC-B991-969572515E5B}.Release|Any CPU.ActiveCfg = Release|Any CPU
		{AB5CF3E9-F10F-4CFC-B991-969572515E5B}.Release|Any CPU.Build.0 = Release|Any CPU
		{0F0550EB-E30F-4320-90B9-4060CDCE196E}.Debug|Any CPU.ActiveCfg = Debug|Any CPU
		{0F0550EB-E30F-4320-90B9-4060CDCE196E}.Debug|Any CPU.Build.0 = Debug|Any CPU
		{0F0550EB-E30F-4320-90B9-4060CDCE196E}.Release|Any CPU.ActiveCfg = Release|Any CPU
		{0F0550EB-E30F-4320-90B9-4060CDCE196E}.Release|Any CPU.Build.0 = Release|Any CPU
	EndGlobalSection
	GlobalSection(SolutionProperties) = preSolution
		HideSolutionNode = FALSE
	EndGlobalSection
	GlobalSection(ExtensibilityGlobals) = postSolution
		SolutionGuid = {1F631863-33CA-4995-A810-8B483BA03622}
	EndGlobalSection
EndGlobal
